
Microsoft Visual Studio Solution File, Format Version 12.00
# Visual Studio Version 16
VisualStudioVersion = 16.0.29911.84
MinimumVisualStudioVersion = 10.0.40219.1
Project("{FAE04EC0-301F-11D3-BF4B-00C04F79EFBC}") = "client.receipts", "client.receipts.csproj", "{215CB056-62A9-4BD2-B509-14318025AC6F}"
EndProject
Global
	GlobalSection(SolutionConfigurationPlatforms) = preSolution
		Debug|x86 = Debug|x86
		Release|x86 = Release|x86
	EndGlobalSection
	GlobalSection(ProjectConfigurationPlatforms) = postSolution
		{215CB056-62A9-4BD2-B509-14318025AC6F}.Debug|x86.ActiveCfg = Debug|x86
		{215CB056-62A9-4BD2-B509-14318025AC6F}.Debug|x86.Build.0 = Debug|x86
		{215CB056-62A9-4BD2-B509-14318025AC6F}.Release|x86.ActiveCfg = Release|x86
		{215CB056-62A9-4BD2-B509-14318025AC6F}.Release|x86.Build.0 = Release|x86
	EndGlobalSection
	GlobalSection(SolutionProperties) = preSolution
		HideSolutionNode = FALSE
	EndGlobalSection
	GlobalSection(ExtensibilityGlobals) = postSolution
		SolutionGuid = {4CD34842-7162-4ED4-B6ED-06574213F283}
	EndGlobalSection
EndGlobal
